
Microsoft Visual Studio Solution File, Format Version 12.00
# Visual Studio 15
VisualStudioVersion = 15.0.28307.1500
MinimumVisualStudioVersion = 10.0.40219.1
Project("{FAE04EC0-301F-11D3-BF4B-00C04F79EFBC}") = "ShopIn.Core", "ShopIn.Core\ShopIn.Core.csproj", "{2A5DB6A8-E318-4DE2-B88F-F53904A1F4FD}"
EndProject
Project("{FAE04EC0-301F-11D3-BF4B-00C04F79EFBC}") = "ShopIn.DataAccess.InMemory", "ShopIn.DataAccess.InMemory\ShopIn.DataAccess.InMemory.csproj", "{88DC1AA7-5C39-4301-9074-24D2FBAC8A78}"
EndProject
Project("{FAE04EC0-301F-11D3-BF4B-00C04F79EFBC}") = "ShopIn.DataAccess.SQL", "ShopIn.DataAccess.SQL\ShopIn.DataAccess.SQL.csproj", "{F0D75B9B-C48B-416E-96BF-C6E0B6BD276B}"
EndProject
Project("{FAE04EC0-301F-11D3-BF4B-00C04F79EFBC}") = "ShopIn.Services", "ShopIn.Services\ShopIn.Services.csproj", "{A675F1F6-DACF-4943-921F-A62AB653728E}"
EndProject
Project("{FAE04EC0-301F-11D3-BF4B-00C04F79EFBC}") = "ShopIn.WebUI", "ShopIn.WebUI\ShopIn.WebUI.csproj", "{D17D4CF5-A6C1-4481-BC8D-AED402EDD059}"
EndProject
Global
	GlobalSection(SolutionConfigurationPlatforms) = preSolution
		Debug|Any CPU = Debug|Any CPU
		Release|Any CPU = Release|Any CPU
	EndGlobalSection
	GlobalSection(ProjectConfigurationPlatforms) = postSolution
		{2A5DB6A8-E318-4DE2-B88F-F53904A1F4FD}.Debug|Any CPU.ActiveCfg = Debug|Any CPU
		{2A5DB6A8-E318-4DE2-B88F-F53904A1F4FD}.Debug|Any CPU.Build.0 = Debug|Any CPU
		{2A5DB6A8-E318-4DE2-B88F-F53904A1F4FD}.Release|Any CPU.ActiveCfg = Release|Any CPU
		{2A5DB6A8-E318-4DE2-B88F-F53904A1F4FD}.Release|Any CPU.Build.0 = Release|Any CPU
		{88DC1AA7-5C39-4301-9074-24D2FBAC8A78}.Debug|Any CPU.ActiveCfg = Debug|Any CPU
		{88DC1AA7-5C39-4301-9074-24D2FBAC8A78}.Debug|Any CPU.Build.0 = Debug|Any CPU
		{88DC1AA7-5C39-4301-9074-24D2FBAC8A78}.Release|Any CPU.ActiveCfg = Release|Any CPU
		{88DC1AA7-5C39-4301-9074-24D2FBAC8A78}.Release|Any CPU.Build.0 = Release|Any CPU
		{F0D75B9B-C48B-416E-96BF-C6E0B6BD276B}.Debug|Any CPU.ActiveCfg = Debug|Any CPU
		{F0D75B9B-C48B-416E-96BF-C6E0B6BD276B}.Debug|Any CPU.Build.0 = Debug|Any CPU
		{F0D75B9B-C48B-416E-96BF-C6E0B6BD276B}.Release|Any CPU.ActiveCfg = Release|Any CPU
		{F0D75B9B-C48B-416E-96BF-C6E0B6BD276B}.Release|Any CPU.Build.0 = Release|Any CPU
		{A675F1F6-DACF-4943-921F-A62AB653728E}.Debug|Any CPU.ActiveCfg = Debug|Any CPU
		{A675F1F6-DACF-4943-921F-A62AB653728E}.Debug|Any CPU.Build.0 = Debug|Any CPU
		{A675F1F6-DACF-4943-921F-A62AB653728E}.Release|Any CPU.ActiveCfg = Release|Any CPU
		{A675F1F6-DACF-4943-921F-A62AB653728E}.Release|Any CPU.Build.0 = Release|Any CPU
		{D17D4CF5-A6C1-4481-BC8D-AED402EDD059}.Debug|Any CPU.ActiveCfg = Debug|Any CPU
		{D17D4CF5-A6C1-4481-BC8D-AED402EDD059}.Debug|Any CPU.Build.0 = Debug|Any CPU
		{D17D4CF5-A6C1-4481-BC8D-AED402EDD059}.Release|Any CPU.ActiveCfg = Release|Any CPU
		{D17D4CF5-A6C1-4481-BC8D-AED402EDD059}.Release|Any CPU.Build.0 = Release|Any CPU
	EndGlobalSection
	GlobalSection(SolutionProperties) = preSolution
		HideSolutionNode = FALSE
	EndGlobalSection
	GlobalSection(ExtensibilityGlobals) = postSolution
		SolutionGuid = {7EA995BD-0FC5-4B3D-A2E8-6B2DFFDB8B18}
	EndGlobalSection
EndGlobal
