
Microsoft Visual Studio Solution File, Format Version 12.00
# Visual Studio 15
VisualStudioVersion = 15.0.28307.1500
MinimumVisualStudioVersion = 10.0.40219.1
Project("{FAE04EC0-301F-11D3-BF4B-00C04F79EFBC}") = "ShopIn.WebUI", "ShopIn.WebUI\ShopIn.WebUI.csproj", "{D17D4CF5-A6C1-4481-BC8D-AED402EDD059}"
EndProject
Project("{FAE04EC0-301F-11D3-BF4B-00C04F79EFBC}") = "ShopIn.Core", "ShopIn.Core\ShopIn.Core.csproj", "{B11AE53C-BF64-4A5D-9071-5F655A8012A4}"
EndProject
Project("{FAE04EC0-301F-11D3-BF4B-00C04F79EFBC}") = "ShopIn.DataAccess.InMemory", "ShopIn.DataAccess.InMemory\ShopIn.DataAccess.InMemory.csproj", "{453250A4-CDAF-491D-8CAE-0AF53D24A8B1}"
EndProject
Project("{FAE04EC0-301F-11D3-BF4B-00C04F79EFBC}") = "ShopIn.DataAccess.SQL", "ShopIn.DataAccess.SQL\ShopIn.DataAccess.SQL.csproj", "{EE4AED71-A8D5-428F-A6E0-8267C43887E7}"
EndProject
Project("{FAE04EC0-301F-11D3-BF4B-00C04F79EFBC}") = "ShopIn.Services", "ShopIn.Services\ShopIn.Services.csproj", "{56B07045-B59B-4014-ADBF-0390D9132C1D}"
EndProject
Global
	GlobalSection(SolutionConfigurationPlatforms) = preSolution
		Debug|Any CPU = Debug|Any CPU
		Release|Any CPU = Release|Any CPU
	EndGlobalSection
	GlobalSection(ProjectConfigurationPlatforms) = postSolution
		{D17D4CF5-A6C1-4481-BC8D-AED402EDD059}.Debug|Any CPU.ActiveCfg = Debug|Any CPU
		{D17D4CF5-A6C1-4481-BC8D-AED402EDD059}.Debug|Any CPU.Build.0 = Debug|Any CPU
		{D17D4CF5-A6C1-4481-BC8D-AED402EDD059}.Release|Any CPU.ActiveCfg = Release|Any CPU
		{D17D4CF5-A6C1-4481-BC8D-AED402EDD059}.Release|Any CPU.Build.0 = Release|Any CPU
		{B11AE53C-BF64-4A5D-9071-5F655A8012A4}.Debug|Any CPU.ActiveCfg = Debug|Any CPU
		{B11AE53C-BF64-4A5D-9071-5F655A8012A4}.Debug|Any CPU.Build.0 = Debug|Any CPU
		{B11AE53C-BF64-4A5D-9071-5F655A8012A4}.Release|Any CPU.ActiveCfg = Release|Any CPU
		{B11AE53C-BF64-4A5D-9071-5F655A8012A4}.Release|Any CPU.Build.0 = Release|Any CPU
		{453250A4-CDAF-491D-8CAE-0AF53D24A8B1}.Debug|Any CPU.ActiveCfg = Debug|Any CPU
		{453250A4-CDAF-491D-8CAE-0AF53D24A8B1}.Debug|Any CPU.Build.0 = Debug|Any CPU
		{453250A4-CDAF-491D-8CAE-0AF53D24A8B1}.Release|Any CPU.ActiveCfg = Release|Any CPU
		{453250A4-CDAF-491D-8CAE-0AF53D24A8B1}.Release|Any CPU.Build.0 = Release|Any CPU
		{EE4AED71-A8D5-428F-A6E0-8267C43887E7}.Debug|Any CPU.ActiveCfg = Debug|Any CPU
		{EE4AED71-A8D5-428F-A6E0-8267C43887E7}.Debug|Any CPU.Build.0 = Debug|Any CPU
		{EE4AED71-A8D5-428F-A6E0-8267C43887E7}.Release|Any CPU.ActiveCfg = Release|Any CPU
		{EE4AED71-A8D5-428F-A6E0-8267C43887E7}.Release|Any CPU.Build.0 = Release|Any CPU
		{56B07045-B59B-4014-ADBF-0390D9132C1D}.Debug|Any CPU.ActiveCfg = Debug|Any CPU
		{56B07045-B59B-4014-ADBF-0390D9132C1D}.Debug|Any CPU.Build.0 = Debug|Any CPU
		{56B07045-B59B-4014-ADBF-0390D9132C1D}.Release|Any CPU.ActiveCfg = Release|Any CPU
		{56B07045-B59B-4014-ADBF-0390D9132C1D}.Release|Any CPU.Build.0 = Release|Any CPU
	EndGlobalSection
	GlobalSection(SolutionProperties) = preSolution
		HideSolutionNode = FALSE
	EndGlobalSection
	GlobalSection(ExtensibilityGlobals) = postSolution
		SolutionGuid = {7EA995BD-0FC5-4B3D-A2E8-6B2DFFDB8B18}
	EndGlobalSection
EndGlobal
